{
  "name": "policy-plugins",
  "lockfileVersion": 3,
  "requires": true,
  "packages": {
    "": {
      "dependencies": {
        "@liquid-labs/policy-projects-best-practices": "file:../../../policy-projects-best-practices"
      }
    },
    "../../../policy-projects-best-practices": {
      "name": "@liquid-labs/policy-projects-best-practices",
      "version": "1.0.0-alpha.3",
      "license": "UNLICENSED",
      "dependencies": {
        "@liquid-labs/shell-toolkit": "^1.0.0-alpha.4",
        "find": "^0.3.0"
      },
      "devDependencies": {
        "@liquid-labs/catalyst-scripts": "^1.0.0-alpha.58",
        "@liquid-labs/liq-controls": "^1.0.0-alpha.1",
        "ajv": "^8.12.0"
      }
    },
    "node_modules/@liquid-labs/policy-projects-best-practices": {
      "resolved": "../../../policy-projects-best-practices",
      "link": true
    }
  }
}
