{
  "name": "@liquid-labs/Liquid-Labs",
  "version": "1.0.0-beta.1",
  "lockfileVersion": 1,
  "requires": true,
  "dependencies": {
    "@liquid-labs/policies-model": {
      "version": "1.0.0-beta.11",
      "resolved": "https://registry.npmjs.org/@liquid-labs/policies-model/-/policies-model-1.0.0-beta.11.tgz",
      "integrity": "sha512-1Y7LjfwpzRADjl00jcB/Yxo1KNZVY4iQmH13H5QvqvQ6EAgY4AIGNZaCMzeIHCRCG5o424XFPZcKOabt7VZEMw==",
      "requires": {
        "fs": "0.0.1-security",
        "tsv": "^0.2.0"
      }
    },
    "@liquid-labs/policy-core": {
      "version": "1.0.0-alpha.3",
      "resolved": "https://registry.npmjs.org/@liquid-labs/policy-core/-/policy-core-1.0.0-alpha.3.tgz",
      "integrity": "sha512-9JYFM1WtlCgMRzegl6awAINp3GfGS/r6UWZYfF/DN1858RDA0HtPYwcFwSp8lWWR1nryhodkD2aphKOQ4B0CQA==",
      "optional": true,
      "requires": {
        "@liquid-labs/policies-model": "^1.0.0-beta.6"
      }
    },
    "@liquid-labs/policy-devops": {
      "version": "1.0.0-alpha.6",
      "resolved": "https://registry.npmjs.org/@liquid-labs/policy-devops/-/policy-devops-1.0.0-alpha.6.tgz",
      "integrity": "sha512-icU+1btOqENhT0uFHZmSAfknZpFFvpCyQcVg4UAFUfTghhZak1wTvE8nfnxGoESc+YbGE4U5b6aSKBmo45DaSQ==",
      "optional": true,
      "requires": {
        "@liquid-labs/policies-model": "^1.0.0-beta.6"
      }
    },
    "fs": {
      "version": "0.0.1-security",
      "resolved": "https://registry.npmjs.org/fs/-/fs-0.0.1-security.tgz",
      "integrity": "sha1-invTcYa23d84E/I4WLV+yq9eQdQ="
    },
    "tsv": {
      "version": "0.2.0",
      "resolved": "https://registry.npmjs.org/tsv/-/tsv-0.2.0.tgz",
      "integrity": "sha1-koaaPLX1AzLz3JD8qCvmZ9tvctY="
    }
  }
}
