{
  "name": "@liquid-labs/Liquid-Labs",
  "version": "1.0.0-beta.0",
  "lockfileVersion": 1,
  "requires": true,
  "dependencies": {
    "@liquid-labs/policies-model": {
      "version": "1.0.0-beta.5",
      "resolved": "https://registry.npmjs.org/@liquid-labs/policies-model/-/policies-model-1.0.0-beta.5.tgz",
      "integrity": "sha512-VQVE8X0MsGcam8wnuphAe5w3Zz0cbLFyxC7l5dJwoxCAK+t09SfC4Tkxg+18vjqewnU3p7m78CsidpHBY4fPNg==",
      "optional": true,
      "requires": {
        "fs": "0.0.1-security",
        "tsv": "^0.2.0"
      }
    },
    "@liquid-labs/policy-core": {
      "version": "1.0.0-alpha.1",
      "resolved": "https://registry.npmjs.org/@liquid-labs/policy-core/-/policy-core-1.0.0-alpha.1.tgz",
      "integrity": "sha512-zf3u/mOBjIF5f02v3U7gZryOj55q2XsjY27us7oCDBXtB4pKpvUKmNBsuvupRGygYVpJ+jOqgU90sxyOcvHHoQ==",
      "optional": true,
      "requires": {
        "@liquid-labs/policies-model": "^1.0.0-beta.1"
      }
    },
    "@liquid-labs/policy-devops": {
      "version": "1.0.0-alpha.1",
      "resolved": "https://registry.npmjs.org/@liquid-labs/policy-devops/-/policy-devops-1.0.0-alpha.1.tgz",
      "integrity": "sha512-o51KVieTF4r2+MMpLQfVMD6qSizCOPY4UbeDbcfIqhraw/JxtrHfyuiVnl9wimLCpG8/qj/0HVqW9mszDDereA==",
      "optional": true
    },
    "fs": {
      "version": "0.0.1-security",
      "resolved": "https://registry.npmjs.org/fs/-/fs-0.0.1-security.tgz",
      "integrity": "sha1-invTcYa23d84E/I4WLV+yq9eQdQ=",
      "optional": true
    },
    "tsv": {
      "version": "0.2.0",
      "resolved": "https://registry.npmjs.org/tsv/-/tsv-0.2.0.tgz",
      "integrity": "sha1-koaaPLX1AzLz3JD8qCvmZ9tvctY=",
      "optional": true
    }
  }
}
