{
  "name": "@liquid-labs/Liquid-Labs",
  "version": "1.0.0-beta.1",
  "lockfileVersion": 1,
  "requires": true,
  "dependencies": {
    "@liquid-labs/policies-model": {
      "version": "1.0.0-beta.6",
      "resolved": "https://registry.npmjs.org/@liquid-labs/policies-model/-/policies-model-1.0.0-beta.6.tgz",
      "integrity": "sha512-+fQOi/8a61K13oSfMhQHFmHmYcjtd1a7K50ohgwd6WmRO6YHMCeohJrW0DzYMilKqAGVh1nNqqJDc923Hm1pwQ==",
      "optional": true,
      "requires": {
        "fs": "0.0.1-security",
        "tsv": "^0.2.0"
      }
    },
    "@liquid-labs/policy-core": {
      "version": "1.0.0-alpha.3",
      "resolved": "https://registry.npmjs.org/@liquid-labs/policy-core/-/policy-core-1.0.0-alpha.3.tgz",
      "integrity": "sha512-9JYFM1WtlCgMRzegl6awAINp3GfGS/r6UWZYfF/DN1858RDA0HtPYwcFwSp8lWWR1nryhodkD2aphKOQ4B0CQA==",
      "optional": true,
      "requires": {
        "@liquid-labs/policies-model": "^1.0.0-beta.6"
      }
    },
    "@liquid-labs/policy-devops": {
      "version": "1.0.0-alpha.3",
      "resolved": "https://registry.npmjs.org/@liquid-labs/policy-devops/-/policy-devops-1.0.0-alpha.3.tgz",
      "integrity": "sha512-aOLZisbkMFwQdMzOXXA3SIqcUIaHVA/ju9PDcmo/cKlIiRNaW4HebjQKRTkaQMSutHbvlaGY9xs3EakMg0dn2g==",
      "optional": true,
      "requires": {
        "@liquid-labs/policies-model": "^1.0.0-beta.6"
      }
    },
    "fs": {
      "version": "0.0.1-security",
      "resolved": "https://registry.npmjs.org/fs/-/fs-0.0.1-security.tgz",
      "integrity": "sha1-invTcYa23d84E/I4WLV+yq9eQdQ=",
      "optional": true
    },
    "tsv": {
      "version": "0.2.0",
      "resolved": "https://registry.npmjs.org/tsv/-/tsv-0.2.0.tgz",
      "integrity": "sha1-koaaPLX1AzLz3JD8qCvmZ9tvctY=",
      "optional": true
    }
  }
}
