{
  "name": "roles-plugins",
  "lockfileVersion": 3,
  "requires": true,
  "packages": {
    "": {
      "dependencies": {
        "@liquid-labs/roles-core": "file:../../../roles-core"
      }
    },
    "../../../roles-core": {
      "name": "@liquid-labs/roles-core",
      "version": "1.0.0-alpha.0",
      "license": "UNLICENSED",
      "devDependencies": {
        "@liquid-labs/catalyst-scripts-node-project": "^1.0.0-alpha.20"
      }
    },
    "node_modules/@liquid-labs/roles-core": {
      "resolved": "../../../roles-core",
      "link": true
    }
  }
}
