{
  "name": "roles-plugins",
  "lockfileVersion": 3,
  "requires": true,
  "packages": {
    "": {
      "dependencies": {
        "@liquid-labs/roles-core": "file:../../../roles-core",
        "@liquid-labs/roles-projects": "file:../../../roles-projects"
      }
    },
    "../../../roles-core": {
      "name": "@liquid-labs/roles-core",
      "version": "1.0.0-alpha.1",
      "license": "UNLICENSED",
      "devDependencies": {
        "@liquid-labs/catalyst-scripts-node-project": "^1.0.0-alpha.20",
        "@liquid-labs/liq-roles-schema": "^1.0.0-alpha.5"
      }
    },
    "../../../roles-projects": {
      "version": "1.0.0-alpha.1",
      "license": "UNLICENSED",
      "devDependencies": {
        "@liquid-labs/catalyst-scripts-node-project": "^1.0.0-alpha.20",
        "@liquid-labs/liq-roles-schema": "^1.0.0-alpha.5"
      }
    },
    "node_modules/@liquid-labs/roles-core": {
      "resolved": "../../../roles-core",
      "link": true
    },
    "node_modules/@liquid-labs/roles-projects": {
      "resolved": "../../../roles-projects",
      "link": true
    }
  }
}
